dependencies:
- name: traefik
  repository: https://helm.traefik.io/traefik
  version: 25.0.0
- name: acme
  repository: https://neuro-inc.github.io/helm-charts
  version: 1.2.0
- name: docker-registry
  repository: https://charts.helm.sh/stable
  version: 1.9.2
- name: minio
  repository: https://charts.helm.sh/stable
  version: 5.0.33
- name: minio-gateway
  repository: https://neuro-inc.github.io/helm-charts
  version: 0.2.3
- name: platform-storage
  repository: oci://ghcr.io/neuro-inc/helm-charts
  version: 24.11.0
- name: platform-registry
  repository: oci://ghcr.io/neuro-inc/helm-charts
  version: 24.11.1
- name: platform-monitoring
  repository: oci://ghcr.io/neuro-inc/helm-charts
  version: 24.12.0
- name: platform-container-runtime
  repository: oci://ghcr.io/neuro-inc/helm-charts
  version: 23.7.0
- name: platform-secrets
  repository: oci://ghcr.io/neuro-inc/helm-charts
  version: 23.7.0
- name: platform-reports
  repository: oci://ghcr.io/neuro-inc/helm-charts
  version: 25.2.0
- name: platform-disks
  repository: oci://ghcr.io/neuro-inc/helm-charts
  version: 23.7.0
- name: platform-api-poller
  repository: oci://ghcr.io/neuro-inc/helm-charts
  version: 25.2.0
- name: platform-buckets
  repository: oci://ghcr.io/neuro-inc/helm-charts
  version: 23.7.0
- name: platform-apps
  repository: oci://ghcr.io/neuro-inc/helm-charts
  version: 24.4.4
- name: k8s-resources
  repository: https://neuro-inc.github.io/helm-charts
  version: 1.0.1
digest: sha256:d82336a5219ad66912b8a1821c962d10903f45de14259c8083399aa64192897f
generated: "2025-02-28T14:00:57.925060428+01:00"
