dependencies:
- name: traefik
  repository: https://helm.traefik.io/traefik
  version: 25.0.0
- name: acme
  repository: https://neuro-inc.github.io/helm-charts
  version: 1.3.2
- name: docker-registry
  repository: https://charts.helm.sh/stable
  version: 1.9.2
- name: minio
  repository: https://charts.helm.sh/stable
  version: 5.0.33
- name: minio-gateway
  repository: https://neuro-inc.github.io/helm-charts
  version: 0.2.3
- name: platform-storage
  repository: oci://ghcr.io/neuro-inc/helm-charts
  version: 25.7.0
- name: platform-registry
  repository: oci://ghcr.io/neuro-inc/helm-charts
  version: 24.11.1
- name: platform-monitoring
  repository: oci://ghcr.io/neuro-inc/helm-charts
  version: 25.7.2
- name: platform-container-runtime
  repository: oci://ghcr.io/neuro-inc/helm-charts
  version: 23.7.0
- name: platform-secrets
  repository: oci://ghcr.io/neuro-inc/helm-charts
  version: 25.7.4
- name: platform-reports
  repository: oci://ghcr.io/neuro-inc/helm-charts
  version: 25.7.3
- name: platform-disks
  repository: oci://ghcr.io/neuro-inc/helm-charts
  version: 25.7.2
- name: platform-api-poller
  repository: oci://ghcr.io/neuro-inc/helm-charts
  version: 25.7.6
- name: platform-buckets
  repository: oci://ghcr.io/neuro-inc/helm-charts
  version: 25.7.2
- name: platform-metadata
  repository: oci://ghcr.io/neuro-inc/helm-charts
  version: 25.7.3
- name: k8s-resources
  repository: https://neuro-inc.github.io/helm-charts
  version: 1.0.1
- name: pgo
  repository: oci://ghcr.io/neuro-inc/helm-charts
  version: 5.6.1
- name: spark-operator
  repository: https://kubeflow.github.io/spark-operator
  version: 2.1.0
- name: keda
  repository: https://kedacore.github.io/charts
  version: 2.16.1
- name: keda-add-ons-http
  repository: https://kedacore.github.io/charts
  version: 0.10.0
- name: loki
  repository: https://grafana.github.io/helm-charts
  version: 6.29.0
- name: alloy
  repository: https://grafana.github.io/helm-charts
  version: 1.0.1
digest: sha256:0906180b856f04e8ff19d2aa8b5d42a33abd5d9f8b5bcaafac88cb8a6bbdcc7a
generated: "2025-07-31T11:55:51.449649158+02:00"
