dependencies:
- name: postgresql
  repository: https://charts.bitnami.com/bitnami
  version: 10.13.11
- name: postgres-db-init-script
  repository: https://neuro-inc.github.io/helm-charts
  version: 1.0.8
- name: k8s-resources
  repository: https://neuro-inc.github.io/helm-charts
  version: 1.0.1
digest: sha256:ce0b46e9202d14973253777dfc6b0387ed04ec5d0d40d6b81e7fdff0c720ff82
generated: "2022-05-19T10:46:54.943659+03:00"
